{
    "eightpoints/guzzle-bundle": {
        "version": "7.0",
        "recipe": {
            "repo": "github.com/symfony/recipes-contrib",
            "branch": "master",
            "version": "7.0",
            "ref": "8be83603226d268ee8a93721b5bb77ec71d8d334"
        }
    },
    "guzzlehttp/guzzle": {
        "version": "6.3.3"
    },
    "guzzlehttp/promises": {
        "version": "v1.3.1"
    },
    "guzzlehttp/psr7": {
        "version": "1.4.2"
    },
    "psr/http-message": {
        "version": "1.0.1"
    },
    "symfony/expression-language": {
        "version": "v4.1.4"
    }
}
